
Microsoft Visual Studio Solution File, Format Version 12.00
# Visual Studio 15
VisualStudioVersion = 15.0.27004.2005
MinimumVisualStudioVersion = 10.0.40219.1
Project("{FAE04EC0-301F-11D3-BF4B-00C04F79EFBC}") = "userLogin", "userLogin\userLogin.csproj", "{6AA0A3BF-909F-4FDB-BD71-C9F77C411CD1}"
EndProject
Project("{FAE04EC0-301F-11D3-BF4B-00C04F79EFBC}") = "StudentInfoSystem", "StudentInfoSystem\StudentInfoSystem.csproj", "{BB770DD2-96C6-41D7-880B-D38F903BDB5E}"
EndProject
Project("{FAE04EC0-301F-11D3-BF4B-00C04F79EFBC}") = "WPFhello", "WPFhello\WPFhello.csproj", "{FC08A20B-BEA0-4CE4-A671-6E379E86E626}"
EndProject
Project("{FAE04EC0-301F-11D3-BF4B-00C04F79EFBC}") = "Expenselt", "Expenselt\Expenselt.csproj", "{D03FD521-DD57-4C61-92B5-3F537F57E35D}"
EndProject
Project("{FAE04EC0-301F-11D3-BF4B-00C04F79EFBC}") = "EasyMVVM", "EasyMVVM\EasyMVVM.csproj", "{18ECF0A9-A221-46B9-8513-AAD01238543D}"
EndProject
Project("{FAE04EC0-301F-11D3-BF4B-00C04F79EFBC}") = "WpfExample", "WpfExample\WpfExample.csproj", "{A021B2E5-C716-42DC-A18C-D5E89E2880EF}"
EndProject
Global
	GlobalSection(SolutionConfigurationPlatforms) = preSolution
		Debug|Any CPU = Debug|Any CPU
		Release|Any CPU = Release|Any CPU
	EndGlobalSection
	GlobalSection(ProjectConfigurationPlatforms) = postSolution
		{6AA0A3BF-909F-4FDB-BD71-C9F77C411CD1}.Debug|Any CPU.ActiveCfg = Debug|Any CPU
		{6AA0A3BF-909F-4FDB-BD71-C9F77C411CD1}.Debug|Any CPU.Build.0 = Debug|Any CPU
		{6AA0A3BF-909F-4FDB-BD71-C9F77C411CD1}.Release|Any CPU.ActiveCfg = Release|Any CPU
		{6AA0A3BF-909F-4FDB-BD71-C9F77C411CD1}.Release|Any CPU.Build.0 = Release|Any CPU
		{BB770DD2-96C6-41D7-880B-D38F903BDB5E}.Debug|Any CPU.ActiveCfg = Debug|Any CPU
		{BB770DD2-96C6-41D7-880B-D38F903BDB5E}.Debug|Any CPU.Build.0 = Debug|Any CPU
		{BB770DD2-96C6-41D7-880B-D38F903BDB5E}.Release|Any CPU.ActiveCfg = Release|Any CPU
		{BB770DD2-96C6-41D7-880B-D38F903BDB5E}.Release|Any CPU.Build.0 = Release|Any CPU
		{FC08A20B-BEA0-4CE4-A671-6E379E86E626}.Debug|Any CPU.ActiveCfg = Debug|Any CPU
		{FC08A20B-BEA0-4CE4-A671-6E379E86E626}.Debug|Any CPU.Build.0 = Debug|Any CPU
		{FC08A20B-BEA0-4CE4-A671-6E379E86E626}.Release|Any CPU.ActiveCfg = Release|Any CPU
		{FC08A20B-BEA0-4CE4-A671-6E379E86E626}.Release|Any CPU.Build.0 = Release|Any CPU
		{D03FD521-DD57-4C61-92B5-3F537F57E35D}.Debug|Any CPU.ActiveCfg = Debug|Any CPU
		{D03FD521-DD57-4C61-92B5-3F537F57E35D}.Debug|Any CPU.Build.0 = Debug|Any CPU
		{D03FD521-DD57-4C61-92B5-3F537F57E35D}.Release|Any CPU.ActiveCfg = Release|Any CPU
		{D03FD521-DD57-4C61-92B5-3F537F57E35D}.Release|Any CPU.Build.0 = Release|Any CPU
		{18ECF0A9-A221-46B9-8513-AAD01238543D}.Debug|Any CPU.ActiveCfg = Debug|Any CPU
		{18ECF0A9-A221-46B9-8513-AAD01238543D}.Debug|Any CPU.Build.0 = Debug|Any CPU
		{18ECF0A9-A221-46B9-8513-AAD01238543D}.Release|Any CPU.ActiveCfg = Release|Any CPU
		{18ECF0A9-A221-46B9-8513-AAD01238543D}.Release|Any CPU.Build.0 = Release|Any CPU
		{A021B2E5-C716-42DC-A18C-D5E89E2880EF}.Debug|Any CPU.ActiveCfg = Debug|Any CPU
		{A021B2E5-C716-42DC-A18C-D5E89E2880EF}.Debug|Any CPU.Build.0 = Debug|Any CPU
		{A021B2E5-C716-42DC-A18C-D5E89E2880EF}.Release|Any CPU.ActiveCfg = Release|Any CPU
		{A021B2E5-C716-42DC-A18C-D5E89E2880EF}.Release|Any CPU.Build.0 = Release|Any CPU
	EndGlobalSection
	GlobalSection(SolutionProperties) = preSolution
		HideSolutionNode = FALSE
	EndGlobalSection
	GlobalSection(ExtensibilityGlobals) = postSolution
		SolutionGuid = {A2DAD308-0C29-4236-8F19-3EA645A8BC0D}
	EndGlobalSection
EndGlobal
